
Microsoft Visual Studio Solution File, Format Version 12.00
# Visual Studio Version 16
VisualStudioVersion = 16.0.28803.202
MinimumVisualStudioVersion = 10.0.40219.1
Project("{FAE04EC0-301F-11D3-BF4B-00C04F79EFBC}") = "StemComputer", "Stemcomputer\StemComputer.csproj", "{220EE422-50AC-47BF-9528-03EC7C1CEE4B}"
EndProject
Global
	GlobalSection(SolutionConfigurationPlatforms) = preSolution
		Debug|Any CPU = Debug|Any CPU
		Release|Any CPU = Release|Any CPU
	EndGlobalSection
	GlobalSection(ProjectConfigurationPlatforms) = postSolution
		{220EE422-50AC-47BF-9528-03EC7C1CEE4B}.Debug|Any CPU.ActiveCfg = Debug|Any CPU
		{220EE422-50AC-47BF-9528-03EC7C1CEE4B}.Debug|Any CPU.Build.0 = Debug|Any CPU
		{220EE422-50AC-47BF-9528-03EC7C1CEE4B}.Release|Any CPU.ActiveCfg = Release|Any CPU
		{220EE422-50AC-47BF-9528-03EC7C1CEE4B}.Release|Any CPU.Build.0 = Release|Any CPU
	EndGlobalSection
	GlobalSection(SolutionProperties) = preSolution
		HideSolutionNode = FALSE
	EndGlobalSection
	GlobalSection(ExtensibilityGlobals) = postSolution
		SolutionGuid = {31C414DA-B2D7-42CF-8969-3C93DF774E75}
	EndGlobalSection
EndGlobal
